
Microsoft Visual Studio Solution File, Format Version 12.00
# Visual Studio Version 16
VisualStudioVersion = 16.0.34407.143
MinimumVisualStudioVersion = 10.0.40219.1
Project("{FAE04EC0-301F-11D3-BF4B-00C04F79EFBC}") = "AIssistant", "AIssistant\AIssistant.csproj", "{39BC821E-35B7-4CB7-B947-9AF84BBED08E}"
EndProject
Global
	GlobalSection(SolutionConfigurationPlatforms) = preSolution
		Debug|Any CPU = Debug|Any CPU
		Release|Any CPU = Release|Any CPU
	EndGlobalSection
	GlobalSection(ProjectConfigurationPlatforms) = postSolution
		{39BC821E-35B7-4CB7-B947-9AF84BBED08E}.Debug|Any CPU.ActiveCfg = Debug|Any CPU
		{39BC821E-35B7-4CB7-B947-9AF84BBED08E}.Debug|Any CPU.Build.0 = Debug|Any CPU
		{39BC821E-35B7-4CB7-B947-9AF84BBED08E}.Release|Any CPU.ActiveCfg = Release|Any CPU
		{39BC821E-35B7-4CB7-B947-9AF84BBED08E}.Release|Any CPU.Build.0 = Release|Any CPU
	EndGlobalSection
	GlobalSection(SolutionProperties) = preSolution
		HideSolutionNode = FALSE
	EndGlobalSection
	GlobalSection(ExtensibilityGlobals) = postSolution
		SolutionGuid = {85ACD84B-753F-451F-8492-CE6C9602D04E}
	EndGlobalSection
EndGlobal
